
Microsoft Visual Studio Solution File, Format Version 12.00
Project("{2150E333-8FDC-42A3-9474-1A3956D46DE8}") = "Domain", "Domain", "{B976E75D-4545-4393-8256-8A25D1FB9B8D}"
EndProject
Project("{FAE04EC0-301F-11D3-BF4B-00C04F79EFBC}") = "Domain.Core", "Domain\Domain.Core\Domain.Core.csproj", "{4E6F5AEF-4637-49F1-BB5C-C37C79FC0A8C}"
EndProject
Project("{FAE04EC0-301F-11D3-BF4B-00C04F79EFBC}") = "Infra.Ioc.Core", "Infra\Infra.IoC\Infra.Ioc.Core\Infra.Ioc.Core.csproj", "{95C80A18-8577-4CBE-975A-EDFF5546A2E8}"
EndProject
Project("{2150E333-8FDC-42A3-9474-1A3956D46DE8}") = "Infra", "Infra", "{46D404FC-6AAB-4C14-9B44-5AB812D8FB30}"
EndProject
Project("{2150E333-8FDC-42A3-9474-1A3956D46DE8}") = "Infra.IoC", "Infra.IoC", "{E0885B75-A578-4128-8245-9F9C436A7A64}"
EndProject
Project("{2150E333-8FDC-42A3-9474-1A3956D46DE8}") = "Infra.Data", "Infra.Data", "{21EE6145-F5F5-4AF2-B1ED-27B95584E56D}"
EndProject
Project("{FAE04EC0-301F-11D3-BF4B-00C04F79EFBC}") = "Infra.Data.Core", "Infra\Infra.Data\Infra.Data.Core\Infra.Data.Core.csproj", "{EB64F422-8E03-4D9A-BAF6-249FF4F760DD}"
EndProject
Project("{FAE04EC0-301F-11D3-BF4B-00C04F79EFBC}") = "Application.Core", "Application\Application.Core\Application.Core.csproj", "{C9034317-B8D8-4430-A234-31EF23D4C4B5}"
EndProject
Project("{2150E333-8FDC-42A3-9474-1A3956D46DE8}") = "Application", "Application", "{4072F85F-D458-400A-A268-C5E18F27A7B8}"
EndProject
Project("{FAE04EC0-301F-11D3-BF4B-00C04F79EFBC}") = "Service.Core", "Service\Service.Core\Service.Core.csproj", "{9EE5FDFB-3905-4DB8-9FEE-A210DB58E3E6}"
EndProject
Project("{2150E333-8FDC-42A3-9474-1A3956D46DE8}") = "Service", "Service", "{37473E14-6C0B-4BF0-9118-7086BBD48DBE}"
EndProject
Global
	GlobalSection(SolutionConfigurationPlatforms) = preSolution
		Debug|Any CPU = Debug|Any CPU
		Release|Any CPU = Release|Any CPU
	EndGlobalSection
	GlobalSection(ProjectConfigurationPlatforms) = postSolution
		{4E6F5AEF-4637-49F1-BB5C-C37C79FC0A8C}.Debug|Any CPU.ActiveCfg = Debug|Any CPU
		{4E6F5AEF-4637-49F1-BB5C-C37C79FC0A8C}.Debug|Any CPU.Build.0 = Debug|Any CPU
		{4E6F5AEF-4637-49F1-BB5C-C37C79FC0A8C}.Release|Any CPU.ActiveCfg = Release|Any CPU
		{4E6F5AEF-4637-49F1-BB5C-C37C79FC0A8C}.Release|Any CPU.Build.0 = Release|Any CPU
		{95C80A18-8577-4CBE-975A-EDFF5546A2E8}.Debug|Any CPU.ActiveCfg = Debug|Any CPU
		{95C80A18-8577-4CBE-975A-EDFF5546A2E8}.Debug|Any CPU.Build.0 = Debug|Any CPU
		{95C80A18-8577-4CBE-975A-EDFF5546A2E8}.Release|Any CPU.ActiveCfg = Release|Any CPU
		{95C80A18-8577-4CBE-975A-EDFF5546A2E8}.Release|Any CPU.Build.0 = Release|Any CPU
		{EB64F422-8E03-4D9A-BAF6-249FF4F760DD}.Debug|Any CPU.ActiveCfg = Debug|Any CPU
		{EB64F422-8E03-4D9A-BAF6-249FF4F760DD}.Debug|Any CPU.Build.0 = Debug|Any CPU
		{EB64F422-8E03-4D9A-BAF6-249FF4F760DD}.Release|Any CPU.ActiveCfg = Release|Any CPU
		{EB64F422-8E03-4D9A-BAF6-249FF4F760DD}.Release|Any CPU.Build.0 = Release|Any CPU
		{C9034317-B8D8-4430-A234-31EF23D4C4B5}.Debug|Any CPU.ActiveCfg = Debug|Any CPU
		{C9034317-B8D8-4430-A234-31EF23D4C4B5}.Debug|Any CPU.Build.0 = Debug|Any CPU
		{C9034317-B8D8-4430-A234-31EF23D4C4B5}.Release|Any CPU.ActiveCfg = Release|Any CPU
		{C9034317-B8D8-4430-A234-31EF23D4C4B5}.Release|Any CPU.Build.0 = Release|Any CPU
		{9EE5FDFB-3905-4DB8-9FEE-A210DB58E3E6}.Debug|Any CPU.ActiveCfg = Debug|Any CPU
		{9EE5FDFB-3905-4DB8-9FEE-A210DB58E3E6}.Debug|Any CPU.Build.0 = Debug|Any CPU
		{9EE5FDFB-3905-4DB8-9FEE-A210DB58E3E6}.Release|Any CPU.ActiveCfg = Release|Any CPU
		{9EE5FDFB-3905-4DB8-9FEE-A210DB58E3E6}.Release|Any CPU.Build.0 = Release|Any CPU
	EndGlobalSection
	GlobalSection(NestedProjects) = preSolution
		{4E6F5AEF-4637-49F1-BB5C-C37C79FC0A8C} = {B976E75D-4545-4393-8256-8A25D1FB9B8D}
		{E0885B75-A578-4128-8245-9F9C436A7A64} = {46D404FC-6AAB-4C14-9B44-5AB812D8FB30}
		{95C80A18-8577-4CBE-975A-EDFF5546A2E8} = {E0885B75-A578-4128-8245-9F9C436A7A64}
		{21EE6145-F5F5-4AF2-B1ED-27B95584E56D} = {46D404FC-6AAB-4C14-9B44-5AB812D8FB30}
		{EB64F422-8E03-4D9A-BAF6-249FF4F760DD} = {21EE6145-F5F5-4AF2-B1ED-27B95584E56D}
		{C9034317-B8D8-4430-A234-31EF23D4C4B5} = {4072F85F-D458-400A-A268-C5E18F27A7B8}
		{9EE5FDFB-3905-4DB8-9FEE-A210DB58E3E6} = {37473E14-6C0B-4BF0-9118-7086BBD48DBE}
	EndGlobalSection
EndGlobal
